
Microsoft Visual Studio Solution File, Format Version 12.00
# Visual Studio 15
VisualStudioVersion = 15.0.27703.2035
MinimumVisualStudioVersion = 10.0.40219.1
Project("{FAE04EC0-301F-11D3-BF4B-00C04F79EFBC}") = "sdglsys.Web", "sdglsys.Web\sdglsys.Web.csproj", "{416B050F-CFCD-4BE1-B436-1CB10A79BD77}"
EndProject
Project("{FAE04EC0-301F-11D3-BF4B-00C04F79EFBC}") = "sdglsys.Entity", "sdglsys.Entity\sdglsys.Entity.csproj", "{6DB0BF4A-A0B2-4486-9C9F-9C934EC121A2}"
EndProject
Project("{FAE04EC0-301F-11D3-BF4B-00C04F79EFBC}") = "sdglsys.DbHelper", "sdglsys.BLL\sdglsys.DbHelper.csproj", "{58A6E410-59E1-42A7-9F2C-EBF75E9DEFD4}"
EndProject
Project("{FAE04EC0-301F-11D3-BF4B-00C04F79EFBC}") = "DesktopTools", "DesktopTools\DesktopTools.csproj", "{8BF0C1E8-6358-4C3B-83CF-382135A9918A}"
EndProject
Project("{FAE04EC0-301F-11D3-BF4B-00C04F79EFBC}") = "sdglsys.Utils", "sdglsys.Utils\sdglsys.Utils.csproj", "{771C7FE7-7C69-4C81-9EF0-0EAEE7171EB9}"
EndProject
Global
	GlobalSection(Performance) = preSolution
		HasPerformanceSessions = true
	EndGlobalSection
	GlobalSection(SolutionConfigurationPlatforms) = preSolution
		Debug|Any CPU = Debug|Any CPU
		Release|Any CPU = Release|Any CPU
	EndGlobalSection
	GlobalSection(ProjectConfigurationPlatforms) = postSolution
		{416B050F-CFCD-4BE1-B436-1CB10A79BD77}.Debug|Any CPU.ActiveCfg = Debug|Any CPU
		{416B050F-CFCD-4BE1-B436-1CB10A79BD77}.Debug|Any CPU.Build.0 = Debug|Any CPU
		{416B050F-CFCD-4BE1-B436-1CB10A79BD77}.Release|Any CPU.ActiveCfg = Release|Any CPU
		{416B050F-CFCD-4BE1-B436-1CB10A79BD77}.Release|Any CPU.Build.0 = Release|Any CPU
		{6DB0BF4A-A0B2-4486-9C9F-9C934EC121A2}.Debug|Any CPU.ActiveCfg = Debug|Any CPU
		{6DB0BF4A-A0B2-4486-9C9F-9C934EC121A2}.Debug|Any CPU.Build.0 = Debug|Any CPU
		{6DB0BF4A-A0B2-4486-9C9F-9C934EC121A2}.Release|Any CPU.ActiveCfg = Release|Any CPU
		{6DB0BF4A-A0B2-4486-9C9F-9C934EC121A2}.Release|Any CPU.Build.0 = Release|Any CPU
		{58A6E410-59E1-42A7-9F2C-EBF75E9DEFD4}.Debug|Any CPU.ActiveCfg = Debug|Any CPU
		{58A6E410-59E1-42A7-9F2C-EBF75E9DEFD4}.Debug|Any CPU.Build.0 = Debug|Any CPU
		{58A6E410-59E1-42A7-9F2C-EBF75E9DEFD4}.Release|Any CPU.ActiveCfg = Release|Any CPU
		{58A6E410-59E1-42A7-9F2C-EBF75E9DEFD4}.Release|Any CPU.Build.0 = Release|Any CPU
		{8BF0C1E8-6358-4C3B-83CF-382135A9918A}.Debug|Any CPU.ActiveCfg = Debug|Any CPU
		{8BF0C1E8-6358-4C3B-83CF-382135A9918A}.Debug|Any CPU.Build.0 = Debug|Any CPU
		{8BF0C1E8-6358-4C3B-83CF-382135A9918A}.Release|Any CPU.ActiveCfg = Release|Any CPU
		{8BF0C1E8-6358-4C3B-83CF-382135A9918A}.Release|Any CPU.Build.0 = Release|Any CPU
		{771C7FE7-7C69-4C81-9EF0-0EAEE7171EB9}.Debug|Any CPU.ActiveCfg = Debug|Any CPU
		{771C7FE7-7C69-4C81-9EF0-0EAEE7171EB9}.Debug|Any CPU.Build.0 = Debug|Any CPU
		{771C7FE7-7C69-4C81-9EF0-0EAEE7171EB9}.Release|Any CPU.ActiveCfg = Release|Any CPU
		{771C7FE7-7C69-4C81-9EF0-0EAEE7171EB9}.Release|Any CPU.Build.0 = Release|Any CPU
	EndGlobalSection
	GlobalSection(SolutionProperties) = preSolution
		HideSolutionNode = FALSE
	EndGlobalSection
	GlobalSection(ExtensibilityGlobals) = postSolution
		SolutionGuid = {0D7CCD2A-E9B7-4FDD-B671-6DE0DBE035A9}
	EndGlobalSection
EndGlobal
